
Microsoft Visual Studio Solution File, Format Version 12.00
# Visual Studio 15
VisualStudioVersion = 15.0.28307.329
MinimumVisualStudioVersion = 10.0.40219.1
Project("{FAE04EC0-301F-11D3-BF4B-00C04F79EFBC}") = "WordScramble", "WordScramble\WordScramble.csproj", "{0DE74BEE-3228-43AB-9343-9754460F094A}"
EndProject
Global
	GlobalSection(SolutionConfigurationPlatforms) = preSolution
		Debug|Any CPU = Debug|Any CPU
		Release|Any CPU = Release|Any CPU
	EndGlobalSection
	GlobalSection(ProjectConfigurationPlatforms) = postSolution
		{0DE74BEE-3228-43AB-9343-9754460F094A}.Debug|Any CPU.ActiveCfg = Debug|Any CPU
		{0DE74BEE-3228-43AB-9343-9754460F094A}.Debug|Any CPU.Build.0 = Debug|Any CPU
		{0DE74BEE-3228-43AB-9343-9754460F094A}.Release|Any CPU.ActiveCfg = Release|Any CPU
		{0DE74BEE-3228-43AB-9343-9754460F094A}.Release|Any CPU.Build.0 = Release|Any CPU
	EndGlobalSection
	GlobalSection(SolutionProperties) = preSolution
		HideSolutionNode = FALSE
	EndGlobalSection
	GlobalSection(ExtensibilityGlobals) = postSolution
		SolutionGuid = {09A52C75-D312-4016-B5FD-D5BC63713361}
	EndGlobalSection
EndGlobal
